
Microsoft Visual Studio Solution File, Format Version 12.00
# Visual Studio 15
VisualStudioVersion = 15.0.28010.2046
MinimumVisualStudioVersion = 10.0.40219.1
Project("{FAE04EC0-301F-11D3-BF4B-00C04F79EFBC}") = "MyResume", "MyResume\MyResume.csproj", "{3497E0CE-15AB-43F9-B4AF-34E9C65AA32A}"
EndProject
Global
	GlobalSection(SolutionConfigurationPlatforms) = preSolution
		Debug|Any CPU = Debug|Any CPU
		Release|Any CPU = Release|Any CPU
	EndGlobalSection
	GlobalSection(ProjectConfigurationPlatforms) = postSolution
		{3497E0CE-15AB-43F9-B4AF-34E9C65AA32A}.Debug|Any CPU.ActiveCfg = Debug|Any CPU
		{3497E0CE-15AB-43F9-B4AF-34E9C65AA32A}.Debug|Any CPU.Build.0 = Debug|Any CPU
		{3497E0CE-15AB-43F9-B4AF-34E9C65AA32A}.Release|Any CPU.ActiveCfg = Release|Any CPU
		{3497E0CE-15AB-43F9-B4AF-34E9C65AA32A}.Release|Any CPU.Build.0 = Release|Any CPU
	EndGlobalSection
	GlobalSection(SolutionProperties) = preSolution
		HideSolutionNode = FALSE
	EndGlobalSection
	GlobalSection(ExtensibilityGlobals) = postSolution
		SolutionGuid = {FF75BC82-DA32-48CC-BD60-B41FEAEF0800}
	EndGlobalSection
EndGlobal
